
Microsoft Visual Studio Solution File, Format Version 11.00
# Visual Studio 2010
Project("{FAE04EC0-301F-11D3-BF4B-00C04F79EFBC}") = "UnityEngine.UI", "UnityEngine.UI.csproj", "{6d6e3f39-184c-c051-dd01-eae99269af6a}"
EndProject
Project("{FAE04EC0-301F-11D3-BF4B-00C04F79EFBC}") = "Assembly-CSharp", "Assembly-CSharp.csproj", "{a3cbec90-431b-c5f8-f03c-60e238656522}"
EndProject
Project("{FAE04EC0-301F-11D3-BF4B-00C04F79EFBC}") = "UnityEditor.UI", "UnityEditor.UI.csproj", "{c84ccd0d-1cce-b229-9efe-49fa53d29f9a}"
EndProject
Global
	GlobalSection(SolutionConfigurationPlatforms) = preSolution
		Debug|Any CPU = Debug|Any CPU
	EndGlobalSection
	GlobalSection(ProjectConfigurationPlatforms) = postSolution
		{6d6e3f39-184c-c051-dd01-eae99269af6a}.Debug|Any CPU.ActiveCfg = Debug|Any CPU
		{6d6e3f39-184c-c051-dd01-eae99269af6a}.Debug|Any CPU.Build.0 = Debug|Any CPU
		{a3cbec90-431b-c5f8-f03c-60e238656522}.Debug|Any CPU.ActiveCfg = Debug|Any CPU
		{a3cbec90-431b-c5f8-f03c-60e238656522}.Debug|Any CPU.Build.0 = Debug|Any CPU
		{c84ccd0d-1cce-b229-9efe-49fa53d29f9a}.Debug|Any CPU.ActiveCfg = Debug|Any CPU
		{c84ccd0d-1cce-b229-9efe-49fa53d29f9a}.Debug|Any CPU.Build.0 = Debug|Any CPU
	EndGlobalSection
	GlobalSection(SolutionProperties) = preSolution
		HideSolutionNode = FALSE
	EndGlobalSection
EndGlobal
